
Microsoft Visual Studio Solution File, Format Version 12.00
# Visual Studio Version 16
VisualStudioVersion = 16.0.30114.105
MinimumVisualStudioVersion = 10.0.40219.1
Project("{FAE04EC0-301F-11D3-BF4B-00C04F79EFBC}") = "WPF_Widerstandsberechnung", "WPF_Widerstandsberechnung.csproj", "{35B2B24F-8B5B-4854-B7FF-ECF06E329A38}"
EndProject
Global
	GlobalSection(SolutionConfigurationPlatforms) = preSolution
		Debug|Any CPU = Debug|Any CPU
		Release|Any CPU = Release|Any CPU
	EndGlobalSection
	GlobalSection(ProjectConfigurationPlatforms) = postSolution
		{35B2B24F-8B5B-4854-B7FF-ECF06E329A38}.Debug|Any CPU.ActiveCfg = Debug|Any CPU
		{35B2B24F-8B5B-4854-B7FF-ECF06E329A38}.Debug|Any CPU.Build.0 = Debug|Any CPU
		{35B2B24F-8B5B-4854-B7FF-ECF06E329A38}.Release|Any CPU.ActiveCfg = Release|Any CPU
		{35B2B24F-8B5B-4854-B7FF-ECF06E329A38}.Release|Any CPU.Build.0 = Release|Any CPU
	EndGlobalSection
	GlobalSection(SolutionProperties) = preSolution
		HideSolutionNode = FALSE
	EndGlobalSection
	GlobalSection(ExtensibilityGlobals) = postSolution
		SolutionGuid = {1563F545-6251-4C5E-8A01-F3F2D9640FA1}
	EndGlobalSection
EndGlobal
